<?xml version="1.0" encoding="utf-8"?>
<Project ToolsVersion="4.0" xmlns="http://schemas.microsoft.com/developer/msbuild/2003">
  <ItemGroup>
    <Filter Include="Header Files">
      <UniqueIdentifier>{93995380-89BD-4b04-88EB-625FBE52EBFB}</UniqueIdentifier>
      <Extensions>h;hh;hpp;hxx;hm;inl;inc;ipp;xsd</Extensions>
    </Filter>
    <Filter Include="Resource Files">
      <UniqueIdentifier>{67DA6AB6-F800-4c08-8B7A-83BB121AAD01}</UniqueIdentifier>
      <Extensions>rc;ico;cur;bmp;dlg;rc2;rct;bin;rgs;gif;jpg;jpeg;jpe;resx;tiff;tif;png;wav;mfcribbon-ms</Extensions>
    </Filter>
    <Filter Include="src">
      <UniqueIdentifier>{4FC737F1-C7A5-4376-A066-2A32D752A2FF}</UniqueIdentifier>
      <Extensions>cpp;c;cc;cxx;def;odl;idl;hpj;bat;asm;asmx</Extensions>
    </Filter>
    <Filter Include="src\Utilities">
      <UniqueIdentifier>{85331ab7-9abb-4706-a6a5-8a25fd158fc0}</UniqueIdentifier>
    </Filter>
    <Filter Include="src\Utilities\Resources">
      <UniqueIdentifier>{7d426cbe-2bec-4c5b-871e-bec10a203edd}</UniqueIdentifier>
    </Filter>
    <Filter Include="src\States">
      <UniqueIdentifier>{873d3906-1e2d-47e4-b096-8eb1c5e60dd2}</UniqueIdentifier>
    </Filter>
    <Filter Include="src\States\Functionality">
      <UniqueIdentifier>{637cb01b-e9db-4a87-b5bd-db15395c8169}</UniqueIdentifier>
    </Filter>
    <Filter Include="src\States\GameStates">
      <UniqueIdentifier>{d27f4ad9-2f53-4ebe-8e12-25515b8aa570}</UniqueIdentifier>
    </Filter>
    <Filter Include="src\Display">
      <UniqueIdentifier>{f42ecdb5-bdda-4fcd-bed3-e8f51caf02de}</UniqueIdentifier>
    </Filter>
    <Filter Include="src\Shaders">
      <UniqueIdentifier>{34080f86-2f0a-4e1c-9673-5a9c008f3f59}</UniqueIdentifier>
    </Filter>
    <Filter Include="src\Shaders\Files">
      <UniqueIdentifier>{58e573c0-6563-43eb-9c50-6669dcd4b5e6}</UniqueIdentifier>
    </Filter>
    <Filter Include="src\Player">
      <UniqueIdentifier>{8dd9fe73-8e45-42c6-b9d0-5059411cf8d8}</UniqueIdentifier>
    </Filter>
    <Filter Include="src\Models">
      <UniqueIdentifier>{accbc386-7a73-4814-86cf-fa0b367217bf}</UniqueIdentifier>
    </Filter>
    <Filter Include="src\Models\Functionality">
      <UniqueIdentifier>{d0f5a072-6d2f-40e5-8364-ce60a8d437ad}</UniqueIdentifier>
    </Filter>
    <Filter Include="src\Models\OBJ">
      <UniqueIdentifier>{87435aa7-b740-4789-9e00-114c4fe57fe4}</UniqueIdentifier>
    </Filter>
    <Filter Include="src\GUI">
      <UniqueIdentifier>{df46b339-a145-484a-bf2a-637f31f9de7e}</UniqueIdentifier>
    </Filter>
    <Filter Include="src\Models\OBJ\World">
      <UniqueIdentifier>{7bb819e4-4931-46d6-972b-a07b01964edd}</UniqueIdentifier>
    </Filter>
    <Filter Include="src\Models\OBJ\World\Objects">
      <UniqueIdentifier>{eb88f59c-7555-421f-81f2-9bc6620d4ad1}</UniqueIdentifier>
    </Filter>
    <Filter Include="src\Models\OBJ\World\Terrain">
      <UniqueIdentifier>{ed771719-f8bc-452e-bcd5-f73f59b8be86}</UniqueIdentifier>
    </Filter>
  </ItemGroup>
  <ItemGroup>
    <ClCompile Include="Main.cpp">
      <Filter>src</Filter>
    </ClCompile>
    <ClCompile Include="GLWindow.cpp">
      <Filter>src\Display</Filter>
    </ClCompile>
    <ClCompile Include="State.cpp">
      <Filter>src\States\Functionality</Filter>
    </ClCompile>
    <ClCompile Include="StateMachine.cpp">
      <Filter>src\States\Functionality</Filter>
    </ClCompile>
    <ClCompile Include="Game.cpp">
      <Filter>src</Filter>
    </ClCompile>
    <ClCompile Include="PlayingState.cpp">
      <Filter>src\States\GameStates</Filter>
    </ClCompile>
    <ClCompile Include="Player.cpp">
      <Filter>src\Player</Filter>
    </ClCompile>
    <ClCompile Include="Camera.cpp">
      <Filter>src\Player</Filter>
    </ClCompile>
    <ClCompile Include="Program.cpp">
      <Filter>src\Shaders</Filter>
    </ClCompile>
    <ClCompile Include="TextureManager.cpp">
      <Filter>src\Utilities\Resources</Filter>
    </ClCompile>
    <ClCompile Include="SoundManager.cpp">
      <Filter>src\Utilities\Resources</Filter>
    </ClCompile>
    <ClCompile Include="FontManager.cpp">
      <Filter>src\Utilities\Resources</Filter>
    </ClCompile>
    <ClCompile Include="Model.cpp">
      <Filter>src\Models\Functionality</Filter>
    </ClCompile>
    <ClCompile Include="Mesh.cpp">
      <Filter>src\Models\Functionality</Filter>
    </ClCompile>
    <ClCompile Include="Terrain.cpp">
      <Filter>src\Models\OBJ\World\Terrain</Filter>
    </ClCompile>
    <ClCompile Include="Object.cpp">
      <Filter>src\Models\Functionality</Filter>
    </ClCompile>
    <ClCompile Include="Wall.cpp">
      <Filter>src\Models\OBJ\World\Terrain</Filter>
    </ClCompile>
  </ItemGroup>
  <ItemGroup>
    <ClInclude Include="GLWindow.h">
      <Filter>src\Display</Filter>
    </ClInclude>
    <ClInclude Include="Variables.h">
      <Filter>src\Utilities</Filter>
    </ClInclude>
    <ClInclude Include="FileLocations.h">
      <Filter>src\Utilities</Filter>
    </ClInclude>
    <ClInclude Include="State.h">
      <Filter>src\States\Functionality</Filter>
    </ClInclude>
    <ClInclude Include="StateMachine.h">
      <Filter>src\States\Functionality</Filter>
    </ClInclude>
    <ClInclude Include="PlayingState.h">
      <Filter>src\States\GameStates</Filter>
    </ClInclude>
    <ClInclude Include="Player.h">
      <Filter>src\Player</Filter>
    </ClInclude>
    <ClInclude Include="Camera.h">
      <Filter>src\Player</Filter>
    </ClInclude>
    <ClInclude Include="Program.h">
      <Filter>src\Shaders</Filter>
    </ClInclude>
    <ClInclude Include="ResourceManager.h">
      <Filter>src\Utilities\Resources</Filter>
    </ClInclude>
    <ClInclude Include="TextureManager.h">
      <Filter>src\Utilities\Resources</Filter>
    </ClInclude>
    <ClInclude Include="SoundManager.h">
      <Filter>src\Utilities\Resources</Filter>
    </ClInclude>
    <ClInclude Include="FontManager.h">
      <Filter>src\Utilities\Resources</Filter>
    </ClInclude>
    <ClInclude Include="Model.h">
      <Filter>src\Models\Functionality</Filter>
    </ClInclude>
    <ClInclude Include="Mesh.h">
      <Filter>src\Models\Functionality</Filter>
    </ClInclude>
    <ClInclude Include="Game.h">
      <Filter>src</Filter>
    </ClInclude>
    <ClInclude Include="Terrain.h">
      <Filter>src\Models\OBJ\World\Terrain</Filter>
    </ClInclude>
    <ClInclude Include="Object.h">
      <Filter>src\Models\Functionality</Filter>
    </ClInclude>
    <ClInclude Include="Wall.h">
      <Filter>src\Models\OBJ\World\Terrain</Filter>
    </ClInclude>
  </ItemGroup>
  <ItemGroup>
    <None Include="Shaders\basicShader.vert">
      <Filter>src\Shaders\Files</Filter>
    </None>
    <None Include="Shaders\basicShader.frag">
      <Filter>src\Shaders\Files</Filter>
    </None>
    <None Include="Shaders\basicShader.geo">
      <Filter>src\Shaders\Files</Filter>
    </None>
  </ItemGroup>
</Project>